
Microsoft Visual Studio Solution File, Format Version 12.00
# Visual Studio Version 17
VisualStudioVersion = 17.0.31919.166
MinimumVisualStudioVersion = 10.0.40219.1
Project("{9A19103F-16F7-4668-BE54-9A1E7A4F7556}") = "ComputerDAO", "ComputerDAO\ComputerDAO.csproj", "{220C1AD1-ACD9-423E-83DC-EE891D5B46A0}"
EndProject
Project("{9A19103F-16F7-4668-BE54-9A1E7A4F7556}") = "ComputerObject", "ComputerObject\ComputerObject.csproj", "{B8D15903-59BE-462D-BE79-983A586E7E55}"
EndProject
Project("{9A19103F-16F7-4668-BE54-9A1E7A4F7556}") = "ComputerBusss", "ComputerBusss\ComputerBusss.csproj", "{C21BF251-ECB8-4A40-BFFF-654B5D8CC63B}"
EndProject
Project("{FAE04EC0-301F-11D3-BF4B-00C04F79EFBC}") = "ComputerWeb", "ComputerWeb\ComputerWeb.csproj", "{BCC3CCAC-724B-48C7-A90C-E901D45B866F}"
EndProject
Project("{FAE04EC0-301F-11D3-BF4B-00C04F79EFBC}") = "WebSell", "WebSell\WebSell.csproj", "{3ADAE811-C4FF-4A25-A677-79D430027A15}"
EndProject
Global
	GlobalSection(SolutionConfigurationPlatforms) = preSolution
		Debug|Any CPU = Debug|Any CPU
		Release|Any CPU = Release|Any CPU
	EndGlobalSection
	GlobalSection(ProjectConfigurationPlatforms) = postSolution
		{220C1AD1-ACD9-423E-83DC-EE891D5B46A0}.Debug|Any CPU.ActiveCfg = Debug|Any CPU
		{220C1AD1-ACD9-423E-83DC-EE891D5B46A0}.Debug|Any CPU.Build.0 = Debug|Any CPU
		{220C1AD1-ACD9-423E-83DC-EE891D5B46A0}.Release|Any CPU.ActiveCfg = Release|Any CPU
		{220C1AD1-ACD9-423E-83DC-EE891D5B46A0}.Release|Any CPU.Build.0 = Release|Any CPU
		{B8D15903-59BE-462D-BE79-983A586E7E55}.Debug|Any CPU.ActiveCfg = Debug|Any CPU
		{B8D15903-59BE-462D-BE79-983A586E7E55}.Debug|Any CPU.Build.0 = Debug|Any CPU
		{B8D15903-59BE-462D-BE79-983A586E7E55}.Release|Any CPU.ActiveCfg = Release|Any CPU
		{B8D15903-59BE-462D-BE79-983A586E7E55}.Release|Any CPU.Build.0 = Release|Any CPU
		{C21BF251-ECB8-4A40-BFFF-654B5D8CC63B}.Debug|Any CPU.ActiveCfg = Debug|Any CPU
		{C21BF251-ECB8-4A40-BFFF-654B5D8CC63B}.Debug|Any CPU.Build.0 = Debug|Any CPU
		{C21BF251-ECB8-4A40-BFFF-654B5D8CC63B}.Release|Any CPU.ActiveCfg = Release|Any CPU
		{C21BF251-ECB8-4A40-BFFF-654B5D8CC63B}.Release|Any CPU.Build.0 = Release|Any CPU
		{BCC3CCAC-724B-48C7-A90C-E901D45B866F}.Debug|Any CPU.ActiveCfg = Debug|Any CPU
		{BCC3CCAC-724B-48C7-A90C-E901D45B866F}.Debug|Any CPU.Build.0 = Debug|Any CPU
		{BCC3CCAC-724B-48C7-A90C-E901D45B866F}.Release|Any CPU.ActiveCfg = Release|Any CPU
		{BCC3CCAC-724B-48C7-A90C-E901D45B866F}.Release|Any CPU.Build.0 = Release|Any CPU
		{3ADAE811-C4FF-4A25-A677-79D430027A15}.Debug|Any CPU.ActiveCfg = Debug|Any CPU
		{3ADAE811-C4FF-4A25-A677-79D430027A15}.Debug|Any CPU.Build.0 = Debug|Any CPU
		{3ADAE811-C4FF-4A25-A677-79D430027A15}.Release|Any CPU.ActiveCfg = Release|Any CPU
		{3ADAE811-C4FF-4A25-A677-79D430027A15}.Release|Any CPU.Build.0 = Release|Any CPU
	EndGlobalSection
	GlobalSection(SolutionProperties) = preSolution
		HideSolutionNode = FALSE
	EndGlobalSection
	GlobalSection(ExtensibilityGlobals) = postSolution
		SolutionGuid = {1485FDC5-344D-4A87-B169-8A2A490122F3}
	EndGlobalSection
EndGlobal
